
Microsoft Visual Studio Solution File, Format Version 12.00
# Visual Studio Version 16
VisualStudioVersion = 16.0.29418.71
MinimumVisualStudioVersion = 10.0.40219.1
Project("{9A19103F-16F7-4668-BE54-9A1E7A4F7556}") = "BackEnd", "BackEnd\BackEnd.csproj", "{AF2CF132-06EE-4909-98B4-0403445E4694}"
EndProject
Project("{FAE04EC0-301F-11D3-BF4B-00C04F79EFBC}") = "ConferenceDTO", "ConferenceDTO\ConferenceDTO.csproj", "{43DC582B-7049-4228-B5A7-44E2695A2517}"
EndProject
Project("{FAE04EC0-301F-11D3-BF4B-00C04F79EFBC}") = "FrontEnd", "FrontEnd\FrontEnd.csproj", "{06B37D75-0B16-4FF6-A1A4-05C35AD2A011}"
EndProject
Global
	GlobalSection(SolutionConfigurationPlatforms) = preSolution
		Debug|Any CPU = Debug|Any CPU
		Release|Any CPU = Release|Any CPU
	EndGlobalSection
	GlobalSection(ProjectConfigurationPlatforms) = postSolution
		{AF2CF132-06EE-4909-98B4-0403445E4694}.Debug|Any CPU.ActiveCfg = Debug|Any CPU
		{AF2CF132-06EE-4909-98B4-0403445E4694}.Debug|Any CPU.Build.0 = Debug|Any CPU
		{AF2CF132-06EE-4909-98B4-0403445E4694}.Release|Any CPU.ActiveCfg = Release|Any CPU
		{AF2CF132-06EE-4909-98B4-0403445E4694}.Release|Any CPU.Build.0 = Release|Any CPU
		{43DC582B-7049-4228-B5A7-44E2695A2517}.Debug|Any CPU.ActiveCfg = Debug|Any CPU
		{43DC582B-7049-4228-B5A7-44E2695A2517}.Debug|Any CPU.Build.0 = Debug|Any CPU
		{43DC582B-7049-4228-B5A7-44E2695A2517}.Release|Any CPU.ActiveCfg = Release|Any CPU
		{43DC582B-7049-4228-B5A7-44E2695A2517}.Release|Any CPU.Build.0 = Release|Any CPU
		{06B37D75-0B16-4FF6-A1A4-05C35AD2A011}.Debug|Any CPU.ActiveCfg = Debug|Any CPU
		{06B37D75-0B16-4FF6-A1A4-05C35AD2A011}.Debug|Any CPU.Build.0 = Debug|Any CPU
		{06B37D75-0B16-4FF6-A1A4-05C35AD2A011}.Release|Any CPU.ActiveCfg = Release|Any CPU
		{06B37D75-0B16-4FF6-A1A4-05C35AD2A011}.Release|Any CPU.Build.0 = Release|Any CPU
	EndGlobalSection
	GlobalSection(SolutionProperties) = preSolution
		HideSolutionNode = FALSE
	EndGlobalSection
	GlobalSection(ExtensibilityGlobals) = postSolution
		SolutionGuid = {C314C38B-EEEF-4201-94CB-81897D7C352C}
	EndGlobalSection
EndGlobal
